// !$*UTF8*$!
{
	archiveVersion = 1;
	classes = {
	};
	objectVersion = 55;
	objects = {

/* Begin PBXBuildFile section */
		840EB55528105D690011DE15 /* AppDelegate.swift in Sources */ = {isa = PBXBuildFile; fileRef = 840EB55428105D690011DE15 /* AppDelegate.swift */; };
		840EB55728105D690011DE15 /* SceneDelegate.swift in Sources */ = {isa = PBXBuildFile; fileRef = 840EB55628105D690011DE15 /* SceneDelegate.swift */; };
		840EB55928105D690011DE15 /* ViewController.swift in Sources */ = {isa = PBXBuildFile; fileRef = 840EB55828105D690011DE15 /* ViewController.swift */; };
		840EB55C28105D690011DE15 /* Main.storyboard in Resources */ = {isa = PBXBuildFile; fileRef = 840EB55A28105D690011DE15 /* Main.storyboard */; };
		840EB55E28105D690011DE15 /* Assets.xcassets in Resources */ = {isa = PBXBuildFile; fileRef = 840EB55D28105D690011DE15 /* Assets.xcassets */; };
		840EB56128105D690011DE15 /* LaunchScreen.storyboard in Resources */ = {isa = PBXBuildFile; fileRef = 840EB55F28105D690011DE15 /* LaunchScreen.storyboard */; };
		840EB56928108FF70011DE15 /* HomeCollectionViewController.swift in Sources */ = {isa = PBXBuildFile; fileRef = 840EB56828108FF70011DE15 /* HomeCollectionViewController.swift */; };
		840EB56B281090010011DE15 /* HabitCollectionViewController.swift in Sources */ = {isa = PBXBuildFile; fileRef = 840EB56A281090010011DE15 /* HabitCollectionViewController.swift */; };
		840EB56D2810900D0011DE15 /* UserCollectionViewController.swift in Sources */ = {isa = PBXBuildFile; fileRef = 840EB56C2810900D0011DE15 /* UserCollectionViewController.swift */; };
		840EB56F2810901D0011DE15 /* LogHabitCollectionViewController.swift in Sources */ = {isa = PBXBuildFile; fileRef = 840EB56E2810901D0011DE15 /* LogHabitCollectionViewController.swift */; };
		849323392810AF4800B1CDE3 /* HabitDetailViewController.swift in Sources */ = {isa = PBXBuildFile; fileRef = 849323382810AF4800B1CDE3 /* HabitDetailViewController.swift */; };
		8493233B2810AF5300B1CDE3 /* UserDetailViewController.swift in Sources */ = {isa = PBXBuildFile; fileRef = 8493233A2810AF5300B1CDE3 /* UserDetailViewController.swift */; };
		8493233D2810B0B400B1CDE3 /* Habit.swift in Sources */ = {isa = PBXBuildFile; fileRef = 8493233C2810B0B400B1CDE3 /* Habit.swift */; };
		8493233F2810B12900B1CDE3 /* APIRequest.swift in Sources */ = {isa = PBXBuildFile; fileRef = 8493233E2810B12900B1CDE3 /* APIRequest.swift */; };
		849323412810B43C00B1CDE3 /* APIService.swift in Sources */ = {isa = PBXBuildFile; fileRef = 849323402810B43C00B1CDE3 /* APIService.swift */; };
		849323432810B7FD00B1CDE3 /* Settings.swift in Sources */ = {isa = PBXBuildFile; fileRef = 849323422810B7FD00B1CDE3 /* Settings.swift */; };
		849323452810BB6600B1CDE3 /* UICollectionViewDiffableDataSource+ViewModel.swift in Sources */ = {isa = PBXBuildFile; fileRef = 849323442810BB6600B1CDE3 /* UICollectionViewDiffableDataSource+ViewModel.swift */; };
		849323472810BFBF00B1CDE3 /* NamedSectionHeaderView.swift in Sources */ = {isa = PBXBuildFile; fileRef = 849323462810BFBF00B1CDE3 /* NamedSectionHeaderView.swift */; };
		84C5A9642811328700AF48AD /* User.swift in Sources */ = {isa = PBXBuildFile; fileRef = 84C5A9632811328700AF48AD /* User.swift */; };
		84C5A96628113AD700AF48AD /* HabitStatistics.swift in Sources */ = {isa = PBXBuildFile; fileRef = 84C5A96528113AD700AF48AD /* HabitStatistics.swift */; };
		84C5A96828113B0300AF48AD /* UserCount.swift in Sources */ = {isa = PBXBuildFile; fileRef = 84C5A96728113B0300AF48AD /* UserCount.swift */; };
		84C5A96A2811482B00AF48AD /* UserStatistics.swift in Sources */ = {isa = PBXBuildFile; fileRef = 84C5A9692811482B00AF48AD /* UserStatistics.swift */; };
		84C5A96C2811485700AF48AD /* HabitCount.swift in Sources */ = {isa = PBXBuildFile; fileRef = 84C5A96B2811485700AF48AD /* HabitCount.swift */; };
		84C5A96E2811555B00AF48AD /* LoggedHabit.swift in Sources */ = {isa = PBXBuildFile; fileRef = 84C5A96D2811555B00AF48AD /* LoggedHabit.swift */; };
		84C5A9702811651B00AF48AD /* LeaderboardHabitCollectionViewCell.swift in Sources */ = {isa = PBXBuildFile; fileRef = 84C5A96F2811651B00AF48AD /* LeaderboardHabitCollectionViewCell.swift */; };
		84C5A9722811667300AF48AD /* FollowedUserCollectionViewCell.swift in Sources */ = {isa = PBXBuildFile; fileRef = 84C5A9712811667300AF48AD /* FollowedUserCollectionViewCell.swift */; };
		84C5A97428116BCD00AF48AD /* CombinedStatistics.swift in Sources */ = {isa = PBXBuildFile; fileRef = 84C5A97328116BCD00AF48AD /* CombinedStatistics.swift */; };
/* End PBXBuildFile section */

/* Begin PBXFileReference section */
		840EB55128105D690011DE15 /* Habits.app */ = {isa = PBXFileReference; explicitFileType = wrapper.application; includeInIndex = 0; path = Habits.app; sourceTree = BUILT_PRODUCTS_DIR; };
		840EB55428105D690011DE15 /* AppDelegate.swift */ = {isa = PBXFileReference; lastKnownFileType = sourcecode.swift; path = AppDelegate.swift; sourceTree = "<group>"; };
		840EB55628105D690011DE15 /* SceneDelegate.swift */ = {isa = PBXFileReference; lastKnownFileType = sourcecode.swift; path = SceneDelegate.swift; sourceTree = "<group>"; };
		840EB55828105D690011DE15 /* ViewController.swift */ = {isa = PBXFileReference; lastKnownFileType = sourcecode.swift; path = ViewController.swift; sourceTree = "<group>"; };
		840EB55B28105D690011DE15 /* Base */ = {isa = PBXFileReference; lastKnownFileType = file.storyboard; name = Base; path = Base.lproj/Main.storyboard; sourceTree = "<group>"; };
		840EB55D28105D690011DE15 /* Assets.xcassets */ = {isa = PBXFileReference; lastKnownFileType = folder.assetcatalog; path = Assets.xcassets; sourceTree = "<group>"; };
		840EB56028105D690011DE15 /* Base */ = {isa = PBXFileReference; lastKnownFileType = file.storyboard; name = Base; path = Base.lproj/LaunchScreen.storyboard; sourceTree = "<group>"; };
		840EB56228105D690011DE15 /* Info.plist */ = {isa = PBXFileReference; lastKnownFileType = text.plist.xml; path = Info.plist; sourceTree = "<group>"; };
		840EB56828108FF70011DE15 /* HomeCollectionViewController.swift */ = {isa = PBXFileReference; lastKnownFileType = sourcecode.swift; path = HomeCollectionViewController.swift; sourceTree = "<group>"; };
		840EB56A281090010011DE15 /* HabitCollectionViewController.swift */ = {isa = PBXFileReference; lastKnownFileType = sourcecode.swift; path = HabitCollectionViewController.swift; sourceTree = "<group>"; };
		840EB56C2810900D0011DE15 /* UserCollectionViewController.swift */ = {isa = PBXFileReference; lastKnownFileType = sourcecode.swift; path = UserCollectionViewController.swift; sourceTree = "<group>"; };
		840EB56E2810901D0011DE15 /* LogHabitCollectionViewController.swift */ = {isa = PBXFileReference; lastKnownFileType = sourcecode.swift; path = LogHabitCollectionViewController.swift; sourceTree = "<group>"; };
		849323382810AF4800B1CDE3 /* HabitDetailViewController.swift */ = {isa = PBXFileReference; lastKnownFileType = sourcecode.swift; path = HabitDetailViewController.swift; sourceTree = "<group>"; };
		8493233A2810AF5300B1CDE3 /* UserDetailViewController.swift */ = {isa = PBXFileReference; lastKnownFileType = sourcecode.swift; path = UserDetailViewController.swift; sourceTree = "<group>"; };
		8493233C2810B0B400B1CDE3 /* Habit.swift */ = {isa = PBXFileReference; lastKnownFileType = sourcecode.swift; path = Habit.swift; sourceTree = "<group>"; };
		8493233E2810B12900B1CDE3 /* APIRequest.swift */ = {isa = PBXFileReference; lastKnownFileType = sourcecode.swift; path = APIRequest.swift; sourceTree = "<group>"; };
		849323402810B43C00B1CDE3 /* APIService.swift */ = {isa = PBXFileReference; lastKnownFileType = sourcecode.swift; path = APIService.swift; sourceTree = "<group>"; };
		849323422810B7FD00B1CDE3 /* Settings.swift */ = {isa = PBXFileReference; lastKnownFileType = sourcecode.swift; path = Settings.swift; sourceTree = "<group>"; };
		849323442810BB6600B1CDE3 /* UICollectionViewDiffableDataSource+ViewModel.swift */ = {isa = PBXFileReference; lastKnownFileType = sourcecode.swift; path = "UICollectionViewDiffableDataSource+ViewModel.swift"; sourceTree = "<group>"; };
		849323462810BFBF00B1CDE3 /* NamedSectionHeaderView.swift */ = {isa = PBXFileReference; lastKnownFileType = sourcecode.swift; path = NamedSectionHeaderView.swift; sourceTree = "<group>"; };
		84C5A9632811328700AF48AD /* User.swift */ = {isa = PBXFileReference; lastKnownFileType = sourcecode.swift; path = User.swift; sourceTree = "<group>"; };
		84C5A96528113AD700AF48AD /* HabitStatistics.swift */ = {isa = PBXFileReference; lastKnownFileType = sourcecode.swift; path = HabitStatistics.swift; sourceTree = "<group>"; };
		84C5A96728113B0300AF48AD /* UserCount.swift */ = {isa = PBXFileReference; lastKnownFileType = sourcecode.swift; path = UserCount.swift; sourceTree = "<group>"; };
		84C5A9692811482B00AF48AD /* UserStatistics.swift */ = {isa = PBXFileReference; lastKnownFileType = sourcecode.swift; path = UserStatistics.swift; sourceTree = "<group>"; };
		84C5A96B2811485700AF48AD /* HabitCount.swift */ = {isa = PBXFileReference; lastKnownFileType = sourcecode.swift; path = HabitCount.swift; sourceTree = "<group>"; };
		84C5A96D2811555B00AF48AD /* LoggedHabit.swift */ = {isa = PBXFileReference; lastKnownFileType = sourcecode.swift; path = LoggedHabit.swift; sourceTree = "<group>"; };
		84C5A96F2811651B00AF48AD /* LeaderboardHabitCollectionViewCell.swift */ = {isa = PBXFileReference; lastKnownFileType = sourcecode.swift; name = LeaderboardHabitCollectionViewCell.swift; path = Habits/LeaderboardHabitCollectionViewCell.swift; sourceTree = "<group>"; };
		84C5A9712811667300AF48AD /* FollowedUserCollectionViewCell.swift */ = {isa = PBXFileReference; lastKnownFileType = sourcecode.swift; name = FollowedUserCollectionViewCell.swift; path = Habits/FollowedUserCollectionViewCell.swift; sourceTree = "<group>"; };
		84C5A97328116BCD00AF48AD /* CombinedStatistics.swift */ = {isa = PBXFileReference; lastKnownFileType = sourcecode.swift; path = CombinedStatistics.swift; sourceTree = "<group>"; };
/* End PBXFileReference section */

/* Begin PBXFrameworksBuildPhase section */
		840EB54E28105D690011DE15 /* Frameworks */ = {
			isa = PBXFrameworksBuildPhase;
			buildActionMask = 2147483647;
			files = (
			);
			runOnlyForDeploymentPostprocessing = 0;
		};
/* End PBXFrameworksBuildPhase section */

/* Begin PBXGroup section */
		840EB54828105D690011DE15 = {
			isa = PBXGroup;
			children = (
				84C5A97328116BCD00AF48AD /* CombinedStatistics.swift */,
				84C5A9712811667300AF48AD /* FollowedUserCollectionViewCell.swift */,
				84C5A96F2811651B00AF48AD /* LeaderboardHabitCollectionViewCell.swift */,
				840EB55328105D690011DE15 /* Habits */,
				840EB55228105D690011DE15 /* Products */,
			);
			sourceTree = "<group>";
		};
		840EB55228105D690011DE15 /* Products */ = {
			isa = PBXGroup;
			children = (
				840EB55128105D690011DE15 /* Habits.app */,
			);
			name = Products;
			sourceTree = "<group>";
		};
		840EB55328105D690011DE15 /* Habits */ = {
			isa = PBXGroup;
			children = (
				84C5A96D2811555B00AF48AD /* LoggedHabit.swift */,
				84C5A9692811482B00AF48AD /* UserStatistics.swift */,
				84C5A96B2811485700AF48AD /* HabitCount.swift */,
				84C5A96528113AD700AF48AD /* HabitStatistics.swift */,
				84C5A96728113B0300AF48AD /* UserCount.swift */,
				84C5A9632811328700AF48AD /* User.swift */,
				8493233C2810B0B400B1CDE3 /* Habit.swift */,
				8493233E2810B12900B1CDE3 /* APIRequest.swift */,
				849323402810B43C00B1CDE3 /* APIService.swift */,
				849323382810AF4800B1CDE3 /* HabitDetailViewController.swift */,
				8493233A2810AF5300B1CDE3 /* UserDetailViewController.swift */,
				840EB55428105D690011DE15 /* AppDelegate.swift */,
				840EB55628105D690011DE15 /* SceneDelegate.swift */,
				840EB55828105D690011DE15 /* ViewController.swift */,
				840EB55A28105D690011DE15 /* Main.storyboard */,
				840EB56828108FF70011DE15 /* HomeCollectionViewController.swift */,
				840EB56A281090010011DE15 /* HabitCollectionViewController.swift */,
				849323462810BFBF00B1CDE3 /* NamedSectionHeaderView.swift */,
				849323442810BB6600B1CDE3 /* UICollectionViewDiffableDataSource+ViewModel.swift */,
				849323422810B7FD00B1CDE3 /* Settings.swift */,
				840EB56C2810900D0011DE15 /* UserCollectionViewController.swift */,
				840EB56E2810901D0011DE15 /* LogHabitCollectionViewController.swift */,
				840EB55D28105D690011DE15 /* Assets.xcassets */,
				840EB55F28105D690011DE15 /* LaunchScreen.storyboard */,
				840EB56228105D690011DE15 /* Info.plist */,
			);
			path = Habits;
			sourceTree = "<group>";
		};
/* End PBXGroup section */

/* Begin PBXNativeTarget section */
		840EB55028105D690011DE15 /* Habits */ = {
			isa = PBXNativeTarget;
			buildConfigurationList = 840EB56528105D690011DE15 /* Build configuration list for PBXNativeTarget "Habits" */;
			buildPhases = (
				840EB54D28105D690011DE15 /* Sources */,
				840EB54E28105D690011DE15 /* Frameworks */,
				840EB54F28105D690011DE15 /* Resources */,
			);
			buildRules = (
			);
			dependencies = (
			);
			name = Habits;
			productName = Habits;
			productReference = 840EB55128105D690011DE15 /* Habits.app */;
			productType = "com.apple.product-type.application";
		};
/* End PBXNativeTarget section */

/* Begin PBXProject section */
		840EB54928105D690011DE15 /* Project object */ = {
			isa = PBXProject;
			attributes = {
				BuildIndependentTargetsInParallel = 1;
				LastSwiftUpdateCheck = 1330;
				LastUpgradeCheck = 1330;
				TargetAttributes = {
					840EB55028105D690011DE15 = {
						CreatedOnToolsVersion = 13.3.1;
					};
				};
			};
			buildConfigurationList = 840EB54C28105D690011DE15 /* Build configuration list for PBXProject "Habits" */;
			compatibilityVersion = "Xcode 13.0";
			developmentRegion = en;
			hasScannedForEncodings = 0;
			knownRegions = (
				en,
				Base,
			);
			mainGroup = 840EB54828105D690011DE15;
			productRefGroup = 840EB55228105D690011DE15 /* Products */;
			projectDirPath = "";
			projectRoot = "";
			targets = (
				840EB55028105D690011DE15 /* Habits */,
			);
		};
/* End PBXProject section */

/* Begin PBXResourcesBuildPhase section */
		840EB54F28105D690011DE15 /* Resources */ = {
			isa = PBXResourcesBuildPhase;
			buildActionMask = 2147483647;
			files = (
				840EB56128105D690011DE15 /* LaunchScreen.storyboard in Resources */,
				840EB55E28105D690011DE15 /* Assets.xcassets in Resources */,
				840EB55C28105D690011DE15 /* Main.storyboard in Resources */,
			);
			runOnlyForDeploymentPostprocessing = 0;
		};
/* End PBXResourcesBuildPhase section */

/* Begin PBXSourcesBuildPhase section */
		840EB54D28105D690011DE15 /* Sources */ = {
			isa = PBXSourcesBuildPhase;
			buildActionMask = 2147483647;
			files = (
				840EB56F2810901D0011DE15 /* LogHabitCollectionViewController.swift in Sources */,
				840EB55928105D690011DE15 /* ViewController.swift in Sources */,
				849323432810B7FD00B1CDE3 /* Settings.swift in Sources */,
				84C5A9702811651B00AF48AD /* LeaderboardHabitCollectionViewCell.swift in Sources */,
				8493233B2810AF5300B1CDE3 /* UserDetailViewController.swift in Sources */,
				84C5A9642811328700AF48AD /* User.swift in Sources */,
				840EB56928108FF70011DE15 /* HomeCollectionViewController.swift in Sources */,
				840EB56B281090010011DE15 /* HabitCollectionViewController.swift in Sources */,
				849323392810AF4800B1CDE3 /* HabitDetailViewController.swift in Sources */,
				8493233D2810B0B400B1CDE3 /* Habit.swift in Sources */,
				849323472810BFBF00B1CDE3 /* NamedSectionHeaderView.swift in Sources */,
				84C5A96E2811555B00AF48AD /* LoggedHabit.swift in Sources */,
				84C5A96A2811482B00AF48AD /* UserStatistics.swift in Sources */,
				8493233F2810B12900B1CDE3 /* APIRequest.swift in Sources */,
				84C5A96628113AD700AF48AD /* HabitStatistics.swift in Sources */,
				849323452810BB6600B1CDE3 /* UICollectionViewDiffableDataSource+ViewModel.swift in Sources */,
				840EB55528105D690011DE15 /* AppDelegate.swift in Sources */,
				840EB55728105D690011DE15 /* SceneDelegate.swift in Sources */,
				84C5A96C2811485700AF48AD /* HabitCount.swift in Sources */,
				849323412810B43C00B1CDE3 /* APIService.swift in Sources */,
				84C5A96828113B0300AF48AD /* UserCount.swift in Sources */,
				840EB56D2810900D0011DE15 /* UserCollectionViewController.swift in Sources */,
				84C5A9722811667300AF48AD /* FollowedUserCollectionViewCell.swift in Sources */,
				84C5A97428116BCD00AF48AD /* CombinedStatistics.swift in Sources */,
			);
			runOnlyForDeploymentPostprocessing = 0;
		};
/* End PBXSourcesBuildPhase section */

/* Begin PBXVariantGroup section */
		840EB55A28105D690011DE15 /* Main.storyboard */ = {
			isa = PBXVariantGroup;
			children = (
				840EB55B28105D690011DE15 /* Base */,
			);
			name = Main.storyboard;
			sourceTree = "<group>";
		};
		840EB55F28105D690011DE15 /* LaunchScreen.storyboard */ = {
			isa = PBXVariantGroup;
			children = (
				840EB56028105D690011DE15 /* Base */,
			);
			name = LaunchScreen.storyboard;
			sourceTree = "<group>";
		};
/* End PBXVariantGroup section */

/* Begin XCBuildConfiguration section */
		840EB56328105D690011DE15 /* Debug */ = {
			isa = XCBuildConfiguration;
			buildSettings = {
				ALWAYS_SEARCH_USER_PATHS = NO;
				CLANG_ANALYZER_NONNULL = YES;
				CLANG_ANALYZER_NUMBER_OBJECT_CONVERSION = YES_AGGRESSIVE;
				CLANG_CXX_LANGUAGE_STANDARD = "gnu++17";
				CLANG_ENABLE_MODULES = YES;
				CLANG_ENABLE_OBJC_ARC = YES;
				CLANG_ENABLE_OBJC_WEAK = YES;
				CLANG_WARN_BLOCK_CAPTURE_AUTORELEASING = YES;
				CLANG_WARN_BOOL_CONVERSION = YES;
				CLANG_WARN_COMMA = YES;
				CLANG_WARN_CONSTANT_CONVERSION = YES;
				CLANG_WARN_DEPRECATED_OBJC_IMPLEMENTATIONS = YES;
				CLANG_WARN_DIRECT_OBJC_ISA_USAGE = YES_ERROR;
				CLANG_WARN_DOCUMENTATION_COMMENTS = YES;
				CLANG_WARN_EMPTY_BODY = YES;
				CLANG_WARN_ENUM_CONVERSION = YES;
				CLANG_WARN_INFINITE_RECURSION = YES;
				CLANG_WARN_INT_CONVERSION = YES;
				CLANG_WARN_NON_LITERAL_NULL_CONVERSION = YES;
				CLANG_WARN_OBJC_IMPLICIT_RETAIN_SELF = YES;
				CLANG_WARN_OBJC_LITERAL_CONVERSION = YES;
				CLANG_WARN_OBJC_ROOT_CLASS = YES_ERROR;
				CLANG_WARN_QUOTED_INCLUDE_IN_FRAMEWORK_HEADER = YES;
				CLANG_WARN_RANGE_LOOP_ANALYSIS = YES;
				CLANG_WARN_STRICT_PROTOTYPES = YES;
				CLANG_WARN_SUSPICIOUS_MOVE = YES;
				CLANG_WARN_UNGUARDED_AVAILABILITY = YES_AGGRESSIVE;
				CLANG_WARN_UNREACHABLE_CODE = YES;
				CLANG_WARN__DUPLICATE_METHOD_MATCH = YES;
				COPY_PHASE_STRIP = NO;
				DEBUG_INFORMATION_FORMAT = dwarf;
				ENABLE_STRICT_OBJC_MSGSEND = YES;
				ENABLE_TESTABILITY = YES;
				GCC_C_LANGUAGE_STANDARD = gnu11;
				GCC_DYNAMIC_NO_PIC = NO;
				GCC_NO_COMMON_BLOCKS = YES;
				GCC_OPTIMIZATION_LEVEL = 0;
				GCC_PREPROCESSOR_DEFINITIONS = (
					"DEBUG=1",
					"$(inherited)",
				);
				GCC_WARN_64_TO_32_BIT_CONVERSION = YES;
				GCC_WARN_ABOUT_RETURN_TYPE = YES_ERROR;
				GCC_WARN_UNDECLARED_SELECTOR = YES;
				GCC_WARN_UNINITIALIZED_AUTOS = YES_AGGRESSIVE;
				GCC_WARN_UNUSED_FUNCTION = YES;
				GCC_WARN_UNUSED_VARIABLE = YES;
				IPHONEOS_DEPLOYMENT_TARGET = 15.4;
				MTL_ENABLE_DEBUG_INFO = INCLUDE_SOURCE;
				MTL_FAST_MATH = YES;
				ONLY_ACTIVE_ARCH = YES;
				SDKROOT = iphoneos;
				SWIFT_ACTIVE_COMPILATION_CONDITIONS = DEBUG;
				SWIFT_OPTIMIZATION_LEVEL = "-Onone";
			};
			name = Debug;
		};
		840EB56428105D690011DE15 /* Release */ = {
			isa = XCBuildConfiguration;
			buildSettings = {
				ALWAYS_SEARCH_USER_PATHS = NO;
				CLANG_ANALYZER_NONNULL = YES;
				CLANG_ANALYZER_NUMBER_OBJECT_CONVERSION = YES_AGGRESSIVE;
				CLANG_CXX_LANGUAGE_STANDARD = "gnu++17";
				CLANG_ENABLE_MODULES = YES;
				CLANG_ENABLE_OBJC_ARC = YES;
				CLANG_ENABLE_OBJC_WEAK = YES;
				CLANG_WARN_BLOCK_CAPTURE_AUTORELEASING = YES;
				CLANG_WARN_BOOL_CONVERSION = YES;
				CLANG_WARN_COMMA = YES;
				CLANG_WARN_CONSTANT_CONVERSION = YES;
				CLANG_WARN_DEPRECATED_OBJC_IMPLEMENTATIONS = YES;
				CLANG_WARN_DIRECT_OBJC_ISA_USAGE = YES_ERROR;
				CLANG_WARN_DOCUMENTATION_COMMENTS = YES;
				CLANG_WARN_EMPTY_BODY = YES;
				CLANG_WARN_ENUM_CONVERSION = YES;
				CLANG_WARN_INFINITE_RECURSION = YES;
				CLANG_WARN_INT_CONVERSION = YES;
				CLANG_WARN_NON_LITERAL_NULL_CONVERSION = YES;
				CLANG_WARN_OBJC_IMPLICIT_RETAIN_SELF = YES;
				CLANG_WARN_OBJC_LITERAL_CONVERSION = YES;
				CLANG_WARN_OBJC_ROOT_CLASS = YES_ERROR;
				CLANG_WARN_QUOTED_INCLUDE_IN_FRAMEWORK_HEADER = YES;
				CLANG_WARN_RANGE_LOOP_ANALYSIS = YES;
				CLANG_WARN_STRICT_PROTOTYPES = YES;
				CLANG_WARN_SUSPICIOUS_MOVE = YES;
				CLANG_WARN_UNGUARDED_AVAILABILITY = YES_AGGRESSIVE;
				CLANG_WARN_UNREACHABLE_CODE = YES;
				CLANG_WARN__DUPLICATE_METHOD_MATCH = YES;
				COPY_PHASE_STRIP = NO;
				DEBUG_INFORMATION_FORMAT = "dwarf-with-dsym";
				ENABLE_NS_ASSERTIONS = NO;
				ENABLE_STRICT_OBJC_MSGSEND = YES;
				GCC_C_LANGUAGE_STANDARD = gnu11;
				GCC_NO_COMMON_BLOCKS = YES;
				GCC_WARN_64_TO_32_BIT_CONVERSION = YES;
				GCC_WARN_ABOUT_RETURN_TYPE = YES_ERROR;
				GCC_WARN_UNDECLARED_SELECTOR = YES;
				GCC_WARN_UNINITIALIZED_AUTOS = YES_AGGRESSIVE;
				GCC_WARN_UNUSED_FUNCTION = YES;
				GCC_WARN_UNUSED_VARIABLE = YES;
				IPHONEOS_DEPLOYMENT_TARGET = 15.4;
				MTL_ENABLE_DEBUG_INFO = NO;
				MTL_FAST_MATH = YES;
				SDKROOT = iphoneos;
				SWIFT_COMPILATION_MODE = wholemodule;
				SWIFT_OPTIMIZATION_LEVEL = "-O";
				VALIDATE_PRODUCT = YES;
			};
			name = Release;
		};
		840EB56628105D690011DE15 /* Debug */ = {
			isa = XCBuildConfiguration;
			buildSettings = {
				ASSETCATALOG_COMPILER_APPICON_NAME = AppIcon;
				ASSETCATALOG_COMPILER_GLOBAL_ACCENT_COLOR_NAME = AccentColor;
				CODE_SIGN_STYLE = Automatic;
				CURRENT_PROJECT_VERSION = 1;
				DEVELOPMENT_TEAM = FAXTCR7426;
				GENERATE_INFOPLIST_FILE = YES;
				INFOPLIST_FILE = Habits/Info.plist;
				INFOPLIST_KEY_UIApplicationSupportsIndirectInputEvents = YES;
				INFOPLIST_KEY_UILaunchStoryboardName = LaunchScreen;
				INFOPLIST_KEY_UIMainStoryboardFile = Main;
				INFOPLIST_KEY_UISupportedInterfaceOrientations_iPad = "UIInterfaceOrientationPortrait UIInterfaceOrientationPortraitUpsideDown UIInterfaceOrientationLandscapeLeft UIInterfaceOrientationLandscapeRight";
				INFOPLIST_KEY_UISupportedInterfaceOrientations_iPhone = "UIInterfaceOrientationPortrait UIInterfaceOrientationLandscapeLeft UIInterfaceOrientationLandscapeRight";
				LD_RUNPATH_SEARCH_PATHS = (
					"$(inherited)",
					"@executable_path/Frameworks",
				);
				MARKETING_VERSION = 1.0;
				PRODUCT_BUNDLE_IDENTIFIER = glebosotov.guided.Habits;
				PRODUCT_NAME = "$(TARGET_NAME)";
				SWIFT_EMIT_LOC_STRINGS = YES;
				SWIFT_VERSION = 5.0;
				TARGETED_DEVICE_FAMILY = "1,2";
			};
			name = Debug;
		};
		840EB56728105D690011DE15 /* Release */ = {
			isa = XCBuildConfiguration;
			buildSettings = {
				ASSETCATALOG_COMPILER_APPICON_NAME = AppIcon;
				ASSETCATALOG_COMPILER_GLOBAL_ACCENT_COLOR_NAME = AccentColor;
				CODE_SIGN_STYLE = Automatic;
				CURRENT_PROJECT_VERSION = 1;
				DEVELOPMENT_TEAM = FAXTCR7426;
				GENERATE_INFOPLIST_FILE = YES;
				INFOPLIST_FILE = Habits/Info.plist;
				INFOPLIST_KEY_UIApplicationSupportsIndirectInputEvents = YES;
				INFOPLIST_KEY_UILaunchStoryboardName = LaunchScreen;
				INFOPLIST_KEY_UIMainStoryboardFile = Main;
				INFOPLIST_KEY_UISupportedInterfaceOrientations_iPad = "UIInterfaceOrientationPortrait UIInterfaceOrientationPortraitUpsideDown UIInterfaceOrientationLandscapeLeft UIInterfaceOrientationLandscapeRight";
				INFOPLIST_KEY_UISupportedInterfaceOrientations_iPhone = "UIInterfaceOrientationPortrait UIInterfaceOrientationLandscapeLeft UIInterfaceOrientationLandscapeRight";
				LD_RUNPATH_SEARCH_PATHS = (
					"$(inherited)",
					"@executable_path/Frameworks",
				);
				MARKETING_VERSION = 1.0;
				PRODUCT_BUNDLE_IDENTIFIER = glebosotov.guided.Habits;
				PRODUCT_NAME = "$(TARGET_NAME)";
				SWIFT_EMIT_LOC_STRINGS = YES;
				SWIFT_VERSION = 5.0;
				TARGETED_DEVICE_FAMILY = "1,2";
			};
			name = Release;
		};
/* End XCBuildConfiguration section */

/* Begin XCConfigurationList section */
		840EB54C28105D690011DE15 /* Build configuration list for PBXProject "Habits" */ = {
			isa = XCConfigurationList;
			buildConfigurations = (
				840EB56328105D690011DE15 /* Debug */,
				840EB56428105D690011DE15 /* Release */,
			);
			defaultConfigurationIsVisible = 0;
			defaultConfigurationName = Release;
		};
		840EB56528105D690011DE15 /* Build configuration list for PBXNativeTarget "Habits" */ = {
			isa = XCConfigurationList;
			buildConfigurations = (
				840EB56628105D690011DE15 /* Debug */,
				840EB56728105D690011DE15 /* Release */,
			);
			defaultConfigurationIsVisible = 0;
			defaultConfigurationName = Release;
		};
/* End XCConfigurationList section */
	};
	rootObject = 840EB54928105D690011DE15 /* Project object */;
}
